
Microsoft Visual Studio Solution File, Format Version 12.00
Project("{FAE04EC0-301F-11D3-BF4B-00C04F79EFBC}") = "mwdowiak-cv", "mwdowiak-cv\mwdowiak-cv.csproj", "{3F5FE17F-F792-4D56-8D65-0E831508DFE9}"
EndProject
Global
	GlobalSection(SolutionConfigurationPlatforms) = preSolution
		Debug|Any CPU = Debug|Any CPU
		Release|Any CPU = Release|Any CPU
	EndGlobalSection
	GlobalSection(ProjectConfigurationPlatforms) = postSolution
		{3F5FE17F-F792-4D56-8D65-0E831508DFE9}.Debug|Any CPU.ActiveCfg = Debug|Any CPU
		{3F5FE17F-F792-4D56-8D65-0E831508DFE9}.Debug|Any CPU.Build.0 = Debug|Any CPU
		{3F5FE17F-F792-4D56-8D65-0E831508DFE9}.Release|Any CPU.ActiveCfg = Release|Any CPU
		{3F5FE17F-F792-4D56-8D65-0E831508DFE9}.Release|Any CPU.Build.0 = Release|Any CPU
	EndGlobalSection
EndGlobal
